// !$*UTF8*$!
{
	archiveVersion = 1;
	classes = {
	};
	objectVersion = 50;
	objects = {

/* Begin PBXBuildFile section */
		43DB68B624B7666500DB0BAB /* TrackingViewModel.swift in Sources */ = {isa = PBXBuildFile; fileRef = 43DB68B524B7666500DB0BAB /* TrackingViewModel.swift */; };
		43E0EEE724B29CBB008FADB2 /* AppDelegate.swift in Sources */ = {isa = PBXBuildFile; fileRef = 43E0EEE624B29CBB008FADB2 /* AppDelegate.swift */; };
		43E0EEE924B29CBB008FADB2 /* SceneDelegate.swift in Sources */ = {isa = PBXBuildFile; fileRef = 43E0EEE824B29CBB008FADB2 /* SceneDelegate.swift */; };
		43E0EEEB24B29CBB008FADB2 /* ContentView.swift in Sources */ = {isa = PBXBuildFile; fileRef = 43E0EEEA24B29CBB008FADB2 /* ContentView.swift */; };
		43E0EEED24B29CBC008FADB2 /* Assets.xcassets in Resources */ = {isa = PBXBuildFile; fileRef = 43E0EEEC24B29CBC008FADB2 /* Assets.xcassets */; };
		43E0EEF024B29CBC008FADB2 /* Preview Assets.xcassets in Resources */ = {isa = PBXBuildFile; fileRef = 43E0EEEF24B29CBC008FADB2 /* Preview Assets.xcassets */; };
		43E0EEF324B29CBC008FADB2 /* LaunchScreen.storyboard in Resources */ = {isa = PBXBuildFile; fileRef = 43E0EEF124B29CBC008FADB2 /* LaunchScreen.storyboard */; };
		43E0EEFE24B29CBD008FADB2 /* SampleIDFATests.swift in Sources */ = {isa = PBXBuildFile; fileRef = 43E0EEFD24B29CBD008FADB2 /* SampleIDFATests.swift */; };
		43E0EF0924B29CBD008FADB2 /* SampleIDFAUITests.swift in Sources */ = {isa = PBXBuildFile; fileRef = 43E0EF0824B29CBD008FADB2 /* SampleIDFAUITests.swift */; };
/* End PBXBuildFile section */

/* Begin PBXContainerItemProxy section */
		43E0EEFA24B29CBD008FADB2 /* PBXContainerItemProxy */ = {
			isa = PBXContainerItemProxy;
			containerPortal = 43E0EEDB24B29CBB008FADB2 /* Project object */;
			proxyType = 1;
			remoteGlobalIDString = 43E0EEE224B29CBB008FADB2;
			remoteInfo = SampleIDFA;
		};
		43E0EF0524B29CBD008FADB2 /* PBXContainerItemProxy */ = {
			isa = PBXContainerItemProxy;
			containerPortal = 43E0EEDB24B29CBB008FADB2 /* Project object */;
			proxyType = 1;
			remoteGlobalIDString = 43E0EEE224B29CBB008FADB2;
			remoteInfo = SampleIDFA;
		};
/* End PBXContainerItemProxy section */

/* Begin PBXFileReference section */
		43DB68B524B7666500DB0BAB /* TrackingViewModel.swift */ = {isa = PBXFileReference; lastKnownFileType = sourcecode.swift; path = TrackingViewModel.swift; sourceTree = "<group>"; };
		43E0EEE324B29CBB008FADB2 /* SampleIDFA.app */ = {isa = PBXFileReference; explicitFileType = wrapper.application; includeInIndex = 0; path = SampleIDFA.app; sourceTree = BUILT_PRODUCTS_DIR; };
		43E0EEE624B29CBB008FADB2 /* AppDelegate.swift */ = {isa = PBXFileReference; lastKnownFileType = sourcecode.swift; path = AppDelegate.swift; sourceTree = "<group>"; };
		43E0EEE824B29CBB008FADB2 /* SceneDelegate.swift */ = {isa = PBXFileReference; lastKnownFileType = sourcecode.swift; path = SceneDelegate.swift; sourceTree = "<group>"; };
		43E0EEEA24B29CBB008FADB2 /* ContentView.swift */ = {isa = PBXFileReference; lastKnownFileType = sourcecode.swift; path = ContentView.swift; sourceTree = "<group>"; };
		43E0EEEC24B29CBC008FADB2 /* Assets.xcassets */ = {isa = PBXFileReference; lastKnownFileType = folder.assetcatalog; path = Assets.xcassets; sourceTree = "<group>"; };
		43E0EEEF24B29CBC008FADB2 /* Preview Assets.xcassets */ = {isa = PBXFileReference; lastKnownFileType = folder.assetcatalog; path = "Preview Assets.xcassets"; sourceTree = "<group>"; };
		43E0EEF224B29CBC008FADB2 /* Base */ = {isa = PBXFileReference; lastKnownFileType = file.storyboard; name = Base; path = Base.lproj/LaunchScreen.storyboard; sourceTree = "<group>"; };
		43E0EEF424B29CBC008FADB2 /* Info.plist */ = {isa = PBXFileReference; lastKnownFileType = text.plist.xml; path = Info.plist; sourceTree = "<group>"; };
		43E0EEF924B29CBD008FADB2 /* SampleIDFATests.xctest */ = {isa = PBXFileReference; explicitFileType = wrapper.cfbundle; includeInIndex = 0; path = SampleIDFATests.xctest; sourceTree = BUILT_PRODUCTS_DIR; };
		43E0EEFD24B29CBD008FADB2 /* SampleIDFATests.swift */ = {isa = PBXFileReference; lastKnownFileType = sourcecode.swift; path = SampleIDFATests.swift; sourceTree = "<group>"; };
		43E0EEFF24B29CBD008FADB2 /* Info.plist */ = {isa = PBXFileReference; lastKnownFileType = text.plist.xml; path = Info.plist; sourceTree = "<group>"; };
		43E0EF0424B29CBD008FADB2 /* SampleIDFAUITests.xctest */ = {isa = PBXFileReference; explicitFileType = wrapper.cfbundle; includeInIndex = 0; path = SampleIDFAUITests.xctest; sourceTree = BUILT_PRODUCTS_DIR; };
		43E0EF0824B29CBD008FADB2 /* SampleIDFAUITests.swift */ = {isa = PBXFileReference; lastKnownFileType = sourcecode.swift; path = SampleIDFAUITests.swift; sourceTree = "<group>"; };
		43E0EF0A24B29CBD008FADB2 /* Info.plist */ = {isa = PBXFileReference; lastKnownFileType = text.plist.xml; path = Info.plist; sourceTree = "<group>"; };
/* End PBXFileReference section */

/* Begin PBXFrameworksBuildPhase section */
		43E0EEE024B29CBB008FADB2 /* Frameworks */ = {
			isa = PBXFrameworksBuildPhase;
			buildActionMask = 2147483647;
			files = (
			);
			runOnlyForDeploymentPostprocessing = 0;
		};
		43E0EEF624B29CBD008FADB2 /* Frameworks */ = {
			isa = PBXFrameworksBuildPhase;
			buildActionMask = 2147483647;
			files = (
			);
			runOnlyForDeploymentPostprocessing = 0;
		};
		43E0EF0124B29CBD008FADB2 /* Frameworks */ = {
			isa = PBXFrameworksBuildPhase;
			buildActionMask = 2147483647;
			files = (
			);
			runOnlyForDeploymentPostprocessing = 0;
		};
/* End PBXFrameworksBuildPhase section */

/* Begin PBXGroup section */
		43E0EEDA24B29CBB008FADB2 = {
			isa = PBXGroup;
			children = (
				43E0EEE524B29CBB008FADB2 /* SampleIDFA */,
				43E0EEFC24B29CBD008FADB2 /* SampleIDFATests */,
				43E0EF0724B29CBD008FADB2 /* SampleIDFAUITests */,
				43E0EEE424B29CBB008FADB2 /* Products */,
			);
			sourceTree = "<group>";
		};
		43E0EEE424B29CBB008FADB2 /* Products */ = {
			isa = PBXGroup;
			children = (
				43E0EEE324B29CBB008FADB2 /* SampleIDFA.app */,
				43E0EEF924B29CBD008FADB2 /* SampleIDFATests.xctest */,
				43E0EF0424B29CBD008FADB2 /* SampleIDFAUITests.xctest */,
			);
			name = Products;
			sourceTree = "<group>";
		};
		43E0EEE524B29CBB008FADB2 /* SampleIDFA */ = {
			isa = PBXGroup;
			children = (
				43E0EEE624B29CBB008FADB2 /* AppDelegate.swift */,
				43E0EEE824B29CBB008FADB2 /* SceneDelegate.swift */,
				43E0EEEA24B29CBB008FADB2 /* ContentView.swift */,
				43DB68B524B7666500DB0BAB /* TrackingViewModel.swift */,
				43E0EEEC24B29CBC008FADB2 /* Assets.xcassets */,
				43E0EEF124B29CBC008FADB2 /* LaunchScreen.storyboard */,
				43E0EEF424B29CBC008FADB2 /* Info.plist */,
				43E0EEEE24B29CBC008FADB2 /* Preview Content */,
			);
			path = SampleIDFA;
			sourceTree = "<group>";
		};
		43E0EEEE24B29CBC008FADB2 /* Preview Content */ = {
			isa = PBXGroup;
			children = (
				43E0EEEF24B29CBC008FADB2 /* Preview Assets.xcassets */,
			);
			path = "Preview Content";
			sourceTree = "<group>";
		};
		43E0EEFC24B29CBD008FADB2 /* SampleIDFATests */ = {
			isa = PBXGroup;
			children = (
				43E0EEFD24B29CBD008FADB2 /* SampleIDFATests.swift */,
				43E0EEFF24B29CBD008FADB2 /* Info.plist */,
			);
			path = SampleIDFATests;
			sourceTree = "<group>";
		};
		43E0EF0724B29CBD008FADB2 /* SampleIDFAUITests */ = {
			isa = PBXGroup;
			children = (
				43E0EF0824B29CBD008FADB2 /* SampleIDFAUITests.swift */,
				43E0EF0A24B29CBD008FADB2 /* Info.plist */,
			);
			path = SampleIDFAUITests;
			sourceTree = "<group>";
		};
/* End PBXGroup section */

/* Begin PBXNativeTarget section */
		43E0EEE224B29CBB008FADB2 /* SampleIDFA */ = {
			isa = PBXNativeTarget;
			buildConfigurationList = 43E0EF0D24B29CBD008FADB2 /* Build configuration list for PBXNativeTarget "SampleIDFA" */;
			buildPhases = (
				43E0EEDF24B29CBB008FADB2 /* Sources */,
				43E0EEE024B29CBB008FADB2 /* Frameworks */,
				43E0EEE124B29CBB008FADB2 /* Resources */,
			);
			buildRules = (
			);
			dependencies = (
			);
			name = SampleIDFA;
			productName = SampleIDFA;
			productReference = 43E0EEE324B29CBB008FADB2 /* SampleIDFA.app */;
			productType = "com.apple.product-type.application";
		};
		43E0EEF824B29CBD008FADB2 /* SampleIDFATests */ = {
			isa = PBXNativeTarget;
			buildConfigurationList = 43E0EF1024B29CBD008FADB2 /* Build configuration list for PBXNativeTarget "SampleIDFATests" */;
			buildPhases = (
				43E0EEF524B29CBD008FADB2 /* Sources */,
				43E0EEF624B29CBD008FADB2 /* Frameworks */,
				43E0EEF724B29CBD008FADB2 /* Resources */,
			);
			buildRules = (
			);
			dependencies = (
				43E0EEFB24B29CBD008FADB2 /* PBXTargetDependency */,
			);
			name = SampleIDFATests;
			productName = SampleIDFATests;
			productReference = 43E0EEF924B29CBD008FADB2 /* SampleIDFATests.xctest */;
			productType = "com.apple.product-type.bundle.unit-test";
		};
		43E0EF0324B29CBD008FADB2 /* SampleIDFAUITests */ = {
			isa = PBXNativeTarget;
			buildConfigurationList = 43E0EF1324B29CBD008FADB2 /* Build configuration list for PBXNativeTarget "SampleIDFAUITests" */;
			buildPhases = (
				43E0EF0024B29CBD008FADB2 /* Sources */,
				43E0EF0124B29CBD008FADB2 /* Frameworks */,
				43E0EF0224B29CBD008FADB2 /* Resources */,
			);
			buildRules = (
			);
			dependencies = (
				43E0EF0624B29CBD008FADB2 /* PBXTargetDependency */,
			);
			name = SampleIDFAUITests;
			productName = SampleIDFAUITests;
			productReference = 43E0EF0424B29CBD008FADB2 /* SampleIDFAUITests.xctest */;
			productType = "com.apple.product-type.bundle.ui-testing";
		};
/* End PBXNativeTarget section */

/* Begin PBXProject section */
		43E0EEDB24B29CBB008FADB2 /* Project object */ = {
			isa = PBXProject;
			attributes = {
				LastSwiftUpdateCheck = 1200;
				LastUpgradeCheck = 1200;
				TargetAttributes = {
					43E0EEE224B29CBB008FADB2 = {
						CreatedOnToolsVersion = 12.0;
					};
					43E0EEF824B29CBD008FADB2 = {
						CreatedOnToolsVersion = 12.0;
						TestTargetID = 43E0EEE224B29CBB008FADB2;
					};
					43E0EF0324B29CBD008FADB2 = {
						CreatedOnToolsVersion = 12.0;
						TestTargetID = 43E0EEE224B29CBB008FADB2;
					};
				};
			};
			buildConfigurationList = 43E0EEDE24B29CBB008FADB2 /* Build configuration list for PBXProject "SampleIDFA" */;
			compatibilityVersion = "Xcode 9.3";
			developmentRegion = en;
			hasScannedForEncodings = 0;
			knownRegions = (
				en,
				Base,
			);
			mainGroup = 43E0EEDA24B29CBB008FADB2;
			productRefGroup = 43E0EEE424B29CBB008FADB2 /* Products */;
			projectDirPath = "";
			projectRoot = "";
			targets = (
				43E0EEE224B29CBB008FADB2 /* SampleIDFA */,
				43E0EEF824B29CBD008FADB2 /* SampleIDFATests */,
				43E0EF0324B29CBD008FADB2 /* SampleIDFAUITests */,
			);
		};
/* End PBXProject section */

/* Begin PBXResourcesBuildPhase section */
		43E0EEE124B29CBB008FADB2 /* Resources */ = {
			isa = PBXResourcesBuildPhase;
			buildActionMask = 2147483647;
			files = (
				43E0EEF324B29CBC008FADB2 /* LaunchScreen.storyboard in Resources */,
				43E0EEF024B29CBC008FADB2 /* Preview Assets.xcassets in Resources */,
				43E0EEED24B29CBC008FADB2 /* Assets.xcassets in Resources */,
			);
			runOnlyForDeploymentPostprocessing = 0;
		};
		43E0EEF724B29CBD008FADB2 /* Resources */ = {
			isa = PBXResourcesBuildPhase;
			buildActionMask = 2147483647;
			files = (
			);
			runOnlyForDeploymentPostprocessing = 0;
		};
		43E0EF0224B29CBD008FADB2 /* Resources */ = {
			isa = PBXResourcesBuildPhase;
			buildActionMask = 2147483647;
			files = (
			);
			runOnlyForDeploymentPostprocessing = 0;
		};
/* End PBXResourcesBuildPhase section */

/* Begin PBXSourcesBuildPhase section */
		43E0EEDF24B29CBB008FADB2 /* Sources */ = {
			isa = PBXSourcesBuildPhase;
			buildActionMask = 2147483647;
			files = (
				43E0EEE724B29CBB008FADB2 /* AppDelegate.swift in Sources */,
				43DB68B624B7666500DB0BAB /* TrackingViewModel.swift in Sources */,
				43E0EEE924B29CBB008FADB2 /* SceneDelegate.swift in Sources */,
				43E0EEEB24B29CBB008FADB2 /* ContentView.swift in Sources */,
			);
			runOnlyForDeploymentPostprocessing = 0;
		};
		43E0EEF524B29CBD008FADB2 /* Sources */ = {
			isa = PBXSourcesBuildPhase;
			buildActionMask = 2147483647;
			files = (
				43E0EEFE24B29CBD008FADB2 /* SampleIDFATests.swift in Sources */,
			);
			runOnlyForDeploymentPostprocessing = 0;
		};
		43E0EF0024B29CBD008FADB2 /* Sources */ = {
			isa = PBXSourcesBuildPhase;
			buildActionMask = 2147483647;
			files = (
				43E0EF0924B29CBD008FADB2 /* SampleIDFAUITests.swift in Sources */,
			);
			runOnlyForDeploymentPostprocessing = 0;
		};
/* End PBXSourcesBuildPhase section */

/* Begin PBXTargetDependency section */
		43E0EEFB24B29CBD008FADB2 /* PBXTargetDependency */ = {
			isa = PBXTargetDependency;
			target = 43E0EEE224B29CBB008FADB2 /* SampleIDFA */;
			targetProxy = 43E0EEFA24B29CBD008FADB2 /* PBXContainerItemProxy */;
		};
		43E0EF0624B29CBD008FADB2 /* PBXTargetDependency */ = {
			isa = PBXTargetDependency;
			target = 43E0EEE224B29CBB008FADB2 /* SampleIDFA */;
			targetProxy = 43E0EF0524B29CBD008FADB2 /* PBXContainerItemProxy */;
		};
/* End PBXTargetDependency section */

/* Begin PBXVariantGroup section */
		43E0EEF124B29CBC008FADB2 /* LaunchScreen.storyboard */ = {
			isa = PBXVariantGroup;
			children = (
				43E0EEF224B29CBC008FADB2 /* Base */,
			);
			name = LaunchScreen.storyboard;
			sourceTree = "<group>";
		};
/* End PBXVariantGroup section */

/* Begin XCBuildConfiguration section */
		43E0EF0B24B29CBD008FADB2 /* Debug */ = {
			isa = XCBuildConfiguration;
			buildSettings = {
				ALWAYS_SEARCH_USER_PATHS = NO;
				CLANG_ANALYZER_NONNULL = YES;
				CLANG_ANALYZER_NUMBER_OBJECT_CONVERSION = YES_AGGRESSIVE;
				CLANG_CXX_LANGUAGE_STANDARD = "gnu++14";
				CLANG_CXX_LIBRARY = "libc++";
				CLANG_ENABLE_MODULES = YES;
				CLANG_ENABLE_OBJC_ARC = YES;
				CLANG_ENABLE_OBJC_WEAK = YES;
				CLANG_WARN_BLOCK_CAPTURE_AUTORELEASING = YES;
				CLANG_WARN_BOOL_CONVERSION = YES;
				CLANG_WARN_COMMA = YES;
				CLANG_WARN_CONSTANT_CONVERSION = YES;
				CLANG_WARN_DEPRECATED_OBJC_IMPLEMENTATIONS = YES;
				CLANG_WARN_DIRECT_OBJC_ISA_USAGE = YES_ERROR;
				CLANG_WARN_DOCUMENTATION_COMMENTS = YES;
				CLANG_WARN_EMPTY_BODY = YES;
				CLANG_WARN_ENUM_CONVERSION = YES;
				CLANG_WARN_INFINITE_RECURSION = YES;
				CLANG_WARN_INT_CONVERSION = YES;
				CLANG_WARN_NON_LITERAL_NULL_CONVERSION = YES;
				CLANG_WARN_OBJC_IMPLICIT_RETAIN_SELF = YES;
				CLANG_WARN_OBJC_LITERAL_CONVERSION = YES;
				CLANG_WARN_OBJC_ROOT_CLASS = YES_ERROR;
				CLANG_WARN_QUOTED_INCLUDE_IN_FRAMEWORK_HEADER = YES;
				CLANG_WARN_RANGE_LOOP_ANALYSIS = YES;
				CLANG_WARN_STRICT_PROTOTYPES = YES;
				CLANG_WARN_SUSPICIOUS_MOVE = YES;
				CLANG_WARN_UNGUARDED_AVAILABILITY = YES_AGGRESSIVE;
				CLANG_WARN_UNREACHABLE_CODE = YES;
				CLANG_WARN__DUPLICATE_METHOD_MATCH = YES;
				COPY_PHASE_STRIP = NO;
				DEBUG_INFORMATION_FORMAT = dwarf;
				ENABLE_STRICT_OBJC_MSGSEND = YES;
				ENABLE_TESTABILITY = YES;
				GCC_C_LANGUAGE_STANDARD = gnu11;
				GCC_DYNAMIC_NO_PIC = NO;
				GCC_NO_COMMON_BLOCKS = YES;
				GCC_OPTIMIZATION_LEVEL = 0;
				GCC_PREPROCESSOR_DEFINITIONS = (
					"DEBUG=1",
					"$(inherited)",
				);
				GCC_WARN_64_TO_32_BIT_CONVERSION = YES;
				GCC_WARN_ABOUT_RETURN_TYPE = YES_ERROR;
				GCC_WARN_UNDECLARED_SELECTOR = YES;
				GCC_WARN_UNINITIALIZED_AUTOS = YES_AGGRESSIVE;
				GCC_WARN_UNUSED_FUNCTION = YES;
				GCC_WARN_UNUSED_VARIABLE = YES;
				IPHONEOS_DEPLOYMENT_TARGET = 14.0;
				MTL_ENABLE_DEBUG_INFO = INCLUDE_SOURCE;
				MTL_FAST_MATH = YES;
				ONLY_ACTIVE_ARCH = YES;
				SDKROOT = iphoneos;
				SWIFT_ACTIVE_COMPILATION_CONDITIONS = DEBUG;
				SWIFT_OPTIMIZATION_LEVEL = "-Onone";
			};
			name = Debug;
		};
		43E0EF0C24B29CBD008FADB2 /* Release */ = {
			isa = XCBuildConfiguration;
			buildSettings = {
				ALWAYS_SEARCH_USER_PATHS = NO;
				CLANG_ANALYZER_NONNULL = YES;
				CLANG_ANALYZER_NUMBER_OBJECT_CONVERSION = YES_AGGRESSIVE;
				CLANG_CXX_LANGUAGE_STANDARD = "gnu++14";
				CLANG_CXX_LIBRARY = "libc++";
				CLANG_ENABLE_MODULES = YES;
				CLANG_ENABLE_OBJC_ARC = YES;
				CLANG_ENABLE_OBJC_WEAK = YES;
				CLANG_WARN_BLOCK_CAPTURE_AUTORELEASING = YES;
				CLANG_WARN_BOOL_CONVERSION = YES;
				CLANG_WARN_COMMA = YES;
				CLANG_WARN_CONSTANT_CONVERSION = YES;
				CLANG_WARN_DEPRECATED_OBJC_IMPLEMENTATIONS = YES;
				CLANG_WARN_DIRECT_OBJC_ISA_USAGE = YES_ERROR;
				CLANG_WARN_DOCUMENTATION_COMMENTS = YES;
				CLANG_WARN_EMPTY_BODY = YES;
				CLANG_WARN_ENUM_CONVERSION = YES;
				CLANG_WARN_INFINITE_RECURSION = YES;
				CLANG_WARN_INT_CONVERSION = YES;
				CLANG_WARN_NON_LITERAL_NULL_CONVERSION = YES;
				CLANG_WARN_OBJC_IMPLICIT_RETAIN_SELF = YES;
				CLANG_WARN_OBJC_LITERAL_CONVERSION = YES;
				CLANG_WARN_OBJC_ROOT_CLASS = YES_ERROR;
				CLANG_WARN_QUOTED_INCLUDE_IN_FRAMEWORK_HEADER = YES;
				CLANG_WARN_RANGE_LOOP_ANALYSIS = YES;
				CLANG_WARN_STRICT_PROTOTYPES = YES;
				CLANG_WARN_SUSPICIOUS_MOVE = YES;
				CLANG_WARN_UNGUARDED_AVAILABILITY = YES_AGGRESSIVE;
				CLANG_WARN_UNREACHABLE_CODE = YES;
				CLANG_WARN__DUPLICATE_METHOD_MATCH = YES;
				COPY_PHASE_STRIP = NO;
				DEBUG_INFORMATION_FORMAT = "dwarf-with-dsym";
				ENABLE_NS_ASSERTIONS = NO;
				ENABLE_STRICT_OBJC_MSGSEND = YES;
				GCC_C_LANGUAGE_STANDARD = gnu11;
				GCC_NO_COMMON_BLOCKS = YES;
				GCC_WARN_64_TO_32_BIT_CONVERSION = YES;
				GCC_WARN_ABOUT_RETURN_TYPE = YES_ERROR;
				GCC_WARN_UNDECLARED_SELECTOR = YES;
				GCC_WARN_UNINITIALIZED_AUTOS = YES_AGGRESSIVE;
				GCC_WARN_UNUSED_FUNCTION = YES;
				GCC_WARN_UNUSED_VARIABLE = YES;
				IPHONEOS_DEPLOYMENT_TARGET = 14.0;
				MTL_ENABLE_DEBUG_INFO = NO;
				MTL_FAST_MATH = YES;
				SDKROOT = iphoneos;
				SWIFT_COMPILATION_MODE = wholemodule;
				SWIFT_OPTIMIZATION_LEVEL = "-O";
				VALIDATE_PRODUCT = YES;
			};
			name = Release;
		};
		43E0EF0E24B29CBD008FADB2 /* Debug */ = {
			isa = XCBuildConfiguration;
			buildSettings = {
				ASSETCATALOG_COMPILER_APPICON_NAME = AppIcon;
				ASSETCATALOG_COMPILER_GLOBAL_ACCENT_COLOR_NAME = AccentColor;
				CODE_SIGN_STYLE = Automatic;
				DEVELOPMENT_ASSET_PATHS = "\"SampleIDFA/Preview Content\"";
				DEVELOPMENT_TEAM = UR4UKG5R68;
				ENABLE_PREVIEWS = YES;
				INFOPLIST_FILE = SampleIDFA/Info.plist;
				IPHONEOS_DEPLOYMENT_TARGET = 14.0;
				LD_RUNPATH_SEARCH_PATHS = (
					"$(inherited)",
					"@executable_path/Frameworks",
				);
				PRODUCT_BUNDLE_IDENTIFIER = com.nish.SampleIDFA;
				PRODUCT_NAME = "$(TARGET_NAME)";
				SWIFT_VERSION = 5.0;
				TARGETED_DEVICE_FAMILY = "1,2";
			};
			name = Debug;
		};
		43E0EF0F24B29CBD008FADB2 /* Release */ = {
			isa = XCBuildConfiguration;
			buildSettings = {
				ASSETCATALOG_COMPILER_APPICON_NAME = AppIcon;
				ASSETCATALOG_COMPILER_GLOBAL_ACCENT_COLOR_NAME = AccentColor;
				CODE_SIGN_STYLE = Automatic;
				DEVELOPMENT_ASSET_PATHS = "\"SampleIDFA/Preview Content\"";
				DEVELOPMENT_TEAM = UR4UKG5R68;
				ENABLE_PREVIEWS = YES;
				INFOPLIST_FILE = SampleIDFA/Info.plist;
				IPHONEOS_DEPLOYMENT_TARGET = 14.0;
				LD_RUNPATH_SEARCH_PATHS = (
					"$(inherited)",
					"@executable_path/Frameworks",
				);
				PRODUCT_BUNDLE_IDENTIFIER = com.nish.SampleIDFA;
				PRODUCT_NAME = "$(TARGET_NAME)";
				SWIFT_VERSION = 5.0;
				TARGETED_DEVICE_FAMILY = "1,2";
			};
			name = Release;
		};
		43E0EF1124B29CBD008FADB2 /* Debug */ = {
			isa = XCBuildConfiguration;
			buildSettings = {
				ALWAYS_EMBED_SWIFT_STANDARD_LIBRARIES = YES;
				BUNDLE_LOADER = "$(TEST_HOST)";
				CODE_SIGN_STYLE = Automatic;
				INFOPLIST_FILE = SampleIDFATests/Info.plist;
				IPHONEOS_DEPLOYMENT_TARGET = 14.0;
				LD_RUNPATH_SEARCH_PATHS = (
					"$(inherited)",
					"@executable_path/Frameworks",
					"@loader_path/Frameworks",
				);
				PRODUCT_BUNDLE_IDENTIFIER = com.nish.SampleIDFATests;
				PRODUCT_NAME = "$(TARGET_NAME)";
				SWIFT_VERSION = 5.0;
				TARGETED_DEVICE_FAMILY = "1,2";
				TEST_HOST = "$(BUILT_PRODUCTS_DIR)/SampleIDFA.app/SampleIDFA";
			};
			name = Debug;
		};
		43E0EF1224B29CBD008FADB2 /* Release */ = {
			isa = XCBuildConfiguration;
			buildSettings = {
				ALWAYS_EMBED_SWIFT_STANDARD_LIBRARIES = YES;
				BUNDLE_LOADER = "$(TEST_HOST)";
				CODE_SIGN_STYLE = Automatic;
				INFOPLIST_FILE = SampleIDFATests/Info.plist;
				IPHONEOS_DEPLOYMENT_TARGET = 14.0;
				LD_RUNPATH_SEARCH_PATHS = (
					"$(inherited)",
					"@executable_path/Frameworks",
					"@loader_path/Frameworks",
				);
				PRODUCT_BUNDLE_IDENTIFIER = com.nish.SampleIDFATests;
				PRODUCT_NAME = "$(TARGET_NAME)";
				SWIFT_VERSION = 5.0;
				TARGETED_DEVICE_FAMILY = "1,2";
				TEST_HOST = "$(BUILT_PRODUCTS_DIR)/SampleIDFA.app/SampleIDFA";
			};
			name = Release;
		};
		43E0EF1424B29CBD008FADB2 /* Debug */ = {
			isa = XCBuildConfiguration;
			buildSettings = {
				ALWAYS_EMBED_SWIFT_STANDARD_LIBRARIES = YES;
				CODE_SIGN_STYLE = Automatic;
				INFOPLIST_FILE = SampleIDFAUITests/Info.plist;
				LD_RUNPATH_SEARCH_PATHS = (
					"$(inherited)",
					"@executable_path/Frameworks",
					"@loader_path/Frameworks",
				);
				PRODUCT_BUNDLE_IDENTIFIER = com.nish.SampleIDFAUITests;
				PRODUCT_NAME = "$(TARGET_NAME)";
				SWIFT_VERSION = 5.0;
				TARGETED_DEVICE_FAMILY = "1,2";
				TEST_TARGET_NAME = SampleIDFA;
			};
			name = Debug;
		};
		43E0EF1524B29CBD008FADB2 /* Release */ = {
			isa = XCBuildConfiguration;
			buildSettings = {
				ALWAYS_EMBED_SWIFT_STANDARD_LIBRARIES = YES;
				CODE_SIGN_STYLE = Automatic;
				INFOPLIST_FILE = SampleIDFAUITests/Info.plist;
				LD_RUNPATH_SEARCH_PATHS = (
					"$(inherited)",
					"@executable_path/Frameworks",
					"@loader_path/Frameworks",
				);
				PRODUCT_BUNDLE_IDENTIFIER = com.nish.SampleIDFAUITests;
				PRODUCT_NAME = "$(TARGET_NAME)";
				SWIFT_VERSION = 5.0;
				TARGETED_DEVICE_FAMILY = "1,2";
				TEST_TARGET_NAME = SampleIDFA;
			};
			name = Release;
		};
/* End XCBuildConfiguration section */

/* Begin XCConfigurationList section */
		43E0EEDE24B29CBB008FADB2 /* Build configuration list for PBXProject "SampleIDFA" */ = {
			isa = XCConfigurationList;
			buildConfigurations = (
				43E0EF0B24B29CBD008FADB2 /* Debug */,
				43E0EF0C24B29CBD008FADB2 /* Release */,
			);
			defaultConfigurationIsVisible = 0;
			defaultConfigurationName = Release;
		};
		43E0EF0D24B29CBD008FADB2 /* Build configuration list for PBXNativeTarget "SampleIDFA" */ = {
			isa = XCConfigurationList;
			buildConfigurations = (
				43E0EF0E24B29CBD008FADB2 /* Debug */,
				43E0EF0F24B29CBD008FADB2 /* Release */,
			);
			defaultConfigurationIsVisible = 0;
			defaultConfigurationName = Release;
		};
		43E0EF1024B29CBD008FADB2 /* Build configuration list for PBXNativeTarget "SampleIDFATests" */ = {
			isa = XCConfigurationList;
			buildConfigurations = (
				43E0EF1124B29CBD008FADB2 /* Debug */,
				43E0EF1224B29CBD008FADB2 /* Release */,
			);
			defaultConfigurationIsVisible = 0;
			defaultConfigurationName = Release;
		};
		43E0EF1324B29CBD008FADB2 /* Build configuration list for PBXNativeTarget "SampleIDFAUITests" */ = {
			isa = XCConfigurationList;
			buildConfigurations = (
				43E0EF1424B29CBD008FADB2 /* Debug */,
				43E0EF1524B29CBD008FADB2 /* Release */,
			);
			defaultConfigurationIsVisible = 0;
			defaultConfigurationName = Release;
		};
/* End XCConfigurationList section */
	};
	rootObject = 43E0EEDB24B29CBB008FADB2 /* Project object */;
}
